// !$*UTF8*$!
{
	archiveVersion = 1;
	classes = {
	};
	objectVersion = 56;
	objects = {

/* Begin PBXBuildFile section */
		5405EAC42A9857380024DB8D /* Enums.swift in Sources */ = {isa = PBXBuildFile; fileRef = 5405EAC32A9857380024DB8D /* Enums.swift */; };
		54089F812AA26F96006C09B9 /* LocalHourlyForecast.swift in Sources */ = {isa = PBXBuildFile; fileRef = 54089F802AA26F96006C09B9 /* LocalHourlyForecast.swift */; };
		543032472A8F325100C8AF87 /* WeatherForecastApp.swift in Sources */ = {isa = PBXBuildFile; fileRef = 543032462A8F325100C8AF87 /* WeatherForecastApp.swift */; };
		5430324B2A8F325200C8AF87 /* Assets.xcassets in Resources */ = {isa = PBXBuildFile; fileRef = 5430324A2A8F325200C8AF87 /* Assets.xcassets */; };
		5430324E2A8F325200C8AF87 /* Preview Assets.xcassets in Resources */ = {isa = PBXBuildFile; fileRef = 5430324D2A8F325200C8AF87 /* Preview Assets.xcassets */; };
		543032582A8F325200C8AF87 /* WeatherForecastTests.swift in Sources */ = {isa = PBXBuildFile; fileRef = 543032572A8F325200C8AF87 /* WeatherForecastTests.swift */; };
		543032622A8F325200C8AF87 /* WeatherForecastUITests.swift in Sources */ = {isa = PBXBuildFile; fileRef = 543032612A8F325200C8AF87 /* WeatherForecastUITests.swift */; };
		543032642A8F325200C8AF87 /* WeatherForecastUITestsLaunchTests.swift in Sources */ = {isa = PBXBuildFile; fileRef = 543032632A8F325200C8AF87 /* WeatherForecastUITestsLaunchTests.swift */; };
		543032722A8F339800C8AF87 /* ApiRequestType.swift in Sources */ = {isa = PBXBuildFile; fileRef = 543032712A8F339800C8AF87 /* ApiRequestType.swift */; };
		543032742A8F347200C8AF87 /* ApiService.swift in Sources */ = {isa = PBXBuildFile; fileRef = 543032732A8F347200C8AF87 /* ApiService.swift */; };
		543032762A8F347A00C8AF87 /* ApiServiceProtocol.swift in Sources */ = {isa = PBXBuildFile; fileRef = 543032752A8F347A00C8AF87 /* ApiServiceProtocol.swift */; };
		543032792A8F36EB00C8AF87 /* MainViewModel.swift in Sources */ = {isa = PBXBuildFile; fileRef = 543032782A8F36EB00C8AF87 /* MainViewModel.swift */; };
		544F5B112AA3BEB000CFB297 /* WeatherDetailViewModel.swift in Sources */ = {isa = PBXBuildFile; fileRef = 544F5B102AA3BEB000CFB297 /* WeatherDetailViewModel.swift */; };
		544F5B132AA3CAB100CFB297 /* WeatherViewModel.swift in Sources */ = {isa = PBXBuildFile; fileRef = 544F5B122AA3CAB100CFB297 /* WeatherViewModel.swift */; };
		544F5B152AA3CC4000CFB297 /* Date.swift in Sources */ = {isa = PBXBuildFile; fileRef = 544F5B142AA3CC4000CFB297 /* Date.swift */; };
		544F5B172AA415EC00CFB297 /* WeatherDailyViewModel.swift in Sources */ = {isa = PBXBuildFile; fileRef = 544F5B162AA415EC00CFB297 /* WeatherDailyViewModel.swift */; };
		54BFE1722A94633F0012AE03 /* MainView.swift in Sources */ = {isa = PBXBuildFile; fileRef = 54BFE1712A94633F0012AE03 /* MainView.swift */; };
		54BFE1742A9467250012AE03 /* cities.json in Resources */ = {isa = PBXBuildFile; fileRef = 54BFE1732A9467250012AE03 /* cities.json */; };
		54BFE1772A9467D50012AE03 /* Cities.swift in Sources */ = {isa = PBXBuildFile; fileRef = 54BFE1762A9467D50012AE03 /* Cities.swift */; };
		54BFE17B2A9472490012AE03 /* WeatherView.swift in Sources */ = {isa = PBXBuildFile; fileRef = 54BFE17A2A9472490012AE03 /* WeatherView.swift */; };
		54BFE17F2A9486630012AE03 /* CityWIthForecasts.swift in Sources */ = {isa = PBXBuildFile; fileRef = 54BFE17E2A9486630012AE03 /* CityWIthForecasts.swift */; };
		54BFE1812A9486A80012AE03 /* Weather.swift in Sources */ = {isa = PBXBuildFile; fileRef = 54BFE1802A9486A80012AE03 /* Weather.swift */; };
		54BFE1842A9487190012AE03 /* Constants.swift in Sources */ = {isa = PBXBuildFile; fileRef = 54BFE1832A9487190012AE03 /* Constants.swift */; };
		54D3EB452A9AA55C002EE6D3 /* MavenPro-Bold.ttf in Resources */ = {isa = PBXBuildFile; fileRef = 54D3EB412A9AA55C002EE6D3 /* MavenPro-Bold.ttf */; };
		54D3EB462A9AA55C002EE6D3 /* MavenPro-Regular.ttf in Resources */ = {isa = PBXBuildFile; fileRef = 54D3EB422A9AA55C002EE6D3 /* MavenPro-Regular.ttf */; };
		54D3EB472A9AA55C002EE6D3 /* MavenPro-SemiBold.ttf in Resources */ = {isa = PBXBuildFile; fileRef = 54D3EB432A9AA55C002EE6D3 /* MavenPro-SemiBold.ttf */; };
		54D3EB482A9AA55C002EE6D3 /* MavenPro-Medium.ttf in Resources */ = {isa = PBXBuildFile; fileRef = 54D3EB442A9AA55C002EE6D3 /* MavenPro-Medium.ttf */; };
		54D3EB4B2A9AA60A002EE6D3 /* Color.swift in Sources */ = {isa = PBXBuildFile; fileRef = 54D3EB4A2A9AA60A002EE6D3 /* Color.swift */; };
		54D3EB4D2A9AAEFF002EE6D3 /* WeatherDetailView.swift in Sources */ = {isa = PBXBuildFile; fileRef = 54D3EB4C2A9AAEFF002EE6D3 /* WeatherDetailView.swift */; };
		54D3EB4F2A9ABB60002EE6D3 /* WeatherDailyView.swift in Sources */ = {isa = PBXBuildFile; fileRef = 54D3EB4E2A9ABB60002EE6D3 /* WeatherDailyView.swift */; };
/* End PBXBuildFile section */

/* Begin PBXContainerItemProxy section */
		543032542A8F325200C8AF87 /* PBXContainerItemProxy */ = {
			isa = PBXContainerItemProxy;
			containerPortal = 5430323B2A8F325100C8AF87 /* Project object */;
			proxyType = 1;
			remoteGlobalIDString = 543032422A8F325100C8AF87;
			remoteInfo = WeatherForecast;
		};
		5430325E2A8F325200C8AF87 /* PBXContainerItemProxy */ = {
			isa = PBXContainerItemProxy;
			containerPortal = 5430323B2A8F325100C8AF87 /* Project object */;
			proxyType = 1;
			remoteGlobalIDString = 543032422A8F325100C8AF87;
			remoteInfo = WeatherForecast;
		};
/* End PBXContainerItemProxy section */

/* Begin PBXFileReference section */
		5405EAC32A9857380024DB8D /* Enums.swift */ = {isa = PBXFileReference; lastKnownFileType = sourcecode.swift; path = Enums.swift; sourceTree = "<group>"; };
		54089F802AA26F96006C09B9 /* LocalHourlyForecast.swift */ = {isa = PBXFileReference; lastKnownFileType = sourcecode.swift; path = LocalHourlyForecast.swift; sourceTree = "<group>"; };
		543032432A8F325100C8AF87 /* WeatherForecast.app */ = {isa = PBXFileReference; explicitFileType = wrapper.application; includeInIndex = 0; path = WeatherForecast.app; sourceTree = BUILT_PRODUCTS_DIR; };
		543032462A8F325100C8AF87 /* WeatherForecastApp.swift */ = {isa = PBXFileReference; lastKnownFileType = sourcecode.swift; path = WeatherForecastApp.swift; sourceTree = "<group>"; };
		5430324A2A8F325200C8AF87 /* Assets.xcassets */ = {isa = PBXFileReference; lastKnownFileType = folder.assetcatalog; path = Assets.xcassets; sourceTree = "<group>"; };
		5430324D2A8F325200C8AF87 /* Preview Assets.xcassets */ = {isa = PBXFileReference; lastKnownFileType = folder.assetcatalog; path = "Preview Assets.xcassets"; sourceTree = "<group>"; };
		543032532A8F325200C8AF87 /* WeatherForecastTests.xctest */ = {isa = PBXFileReference; explicitFileType = wrapper.cfbundle; includeInIndex = 0; path = WeatherForecastTests.xctest; sourceTree = BUILT_PRODUCTS_DIR; };
		543032572A8F325200C8AF87 /* WeatherForecastTests.swift */ = {isa = PBXFileReference; lastKnownFileType = sourcecode.swift; path = WeatherForecastTests.swift; sourceTree = "<group>"; };
		5430325D2A8F325200C8AF87 /* WeatherForecastUITests.xctest */ = {isa = PBXFileReference; explicitFileType = wrapper.cfbundle; includeInIndex = 0; path = WeatherForecastUITests.xctest; sourceTree = BUILT_PRODUCTS_DIR; };
		543032612A8F325200C8AF87 /* WeatherForecastUITests.swift */ = {isa = PBXFileReference; lastKnownFileType = sourcecode.swift; path = WeatherForecastUITests.swift; sourceTree = "<group>"; };
		543032632A8F325200C8AF87 /* WeatherForecastUITestsLaunchTests.swift */ = {isa = PBXFileReference; lastKnownFileType = sourcecode.swift; path = WeatherForecastUITestsLaunchTests.swift; sourceTree = "<group>"; };
		543032712A8F339800C8AF87 /* ApiRequestType.swift */ = {isa = PBXFileReference; lastKnownFileType = sourcecode.swift; path = ApiRequestType.swift; sourceTree = "<group>"; };
		543032732A8F347200C8AF87 /* ApiService.swift */ = {isa = PBXFileReference; lastKnownFileType = sourcecode.swift; path = ApiService.swift; sourceTree = "<group>"; };
		543032752A8F347A00C8AF87 /* ApiServiceProtocol.swift */ = {isa = PBXFileReference; lastKnownFileType = sourcecode.swift; path = ApiServiceProtocol.swift; sourceTree = "<group>"; };
		543032782A8F36EB00C8AF87 /* MainViewModel.swift */ = {isa = PBXFileReference; lastKnownFileType = sourcecode.swift; path = MainViewModel.swift; sourceTree = "<group>"; };
		544F5B102AA3BEB000CFB297 /* WeatherDetailViewModel.swift */ = {isa = PBXFileReference; lastKnownFileType = sourcecode.swift; path = WeatherDetailViewModel.swift; sourceTree = "<group>"; };
		544F5B122AA3CAB100CFB297 /* WeatherViewModel.swift */ = {isa = PBXFileReference; lastKnownFileType = sourcecode.swift; path = WeatherViewModel.swift; sourceTree = "<group>"; };
		544F5B142AA3CC4000CFB297 /* Date.swift */ = {isa = PBXFileReference; lastKnownFileType = sourcecode.swift; path = Date.swift; sourceTree = "<group>"; };
		544F5B162AA415EC00CFB297 /* WeatherDailyViewModel.swift */ = {isa = PBXFileReference; lastKnownFileType = sourcecode.swift; path = WeatherDailyViewModel.swift; sourceTree = "<group>"; };
		54BFE1712A94633F0012AE03 /* MainView.swift */ = {isa = PBXFileReference; lastKnownFileType = sourcecode.swift; path = MainView.swift; sourceTree = "<group>"; };
		54BFE1732A9467250012AE03 /* cities.json */ = {isa = PBXFileReference; fileEncoding = 4; lastKnownFileType = text.json; name = cities.json; path = ../../../../../Desktop/cities.json; sourceTree = "<group>"; };
		54BFE1762A9467D50012AE03 /* Cities.swift */ = {isa = PBXFileReference; lastKnownFileType = sourcecode.swift; path = Cities.swift; sourceTree = "<group>"; };
		54BFE17A2A9472490012AE03 /* WeatherView.swift */ = {isa = PBXFileReference; lastKnownFileType = sourcecode.swift; path = WeatherView.swift; sourceTree = "<group>"; };
		54BFE17E2A9486630012AE03 /* CityWIthForecasts.swift */ = {isa = PBXFileReference; lastKnownFileType = sourcecode.swift; path = CityWIthForecasts.swift; sourceTree = "<group>"; };
		54BFE1802A9486A80012AE03 /* Weather.swift */ = {isa = PBXFileReference; lastKnownFileType = sourcecode.swift; path = Weather.swift; sourceTree = "<group>"; };
		54BFE1832A9487190012AE03 /* Constants.swift */ = {isa = PBXFileReference; lastKnownFileType = sourcecode.swift; path = Constants.swift; sourceTree = "<group>"; };
		54D3EB282A9AA294002EE6D3 /* Info.plist */ = {isa = PBXFileReference; lastKnownFileType = text.plist; path = Info.plist; sourceTree = "<group>"; };
		54D3EB412A9AA55C002EE6D3 /* MavenPro-Bold.ttf */ = {isa = PBXFileReference; lastKnownFileType = file; path = "MavenPro-Bold.ttf"; sourceTree = "<group>"; };
		54D3EB422A9AA55C002EE6D3 /* MavenPro-Regular.ttf */ = {isa = PBXFileReference; lastKnownFileType = file; path = "MavenPro-Regular.ttf"; sourceTree = "<group>"; };
		54D3EB432A9AA55C002EE6D3 /* MavenPro-SemiBold.ttf */ = {isa = PBXFileReference; lastKnownFileType = file; path = "MavenPro-SemiBold.ttf"; sourceTree = "<group>"; };
		54D3EB442A9AA55C002EE6D3 /* MavenPro-Medium.ttf */ = {isa = PBXFileReference; lastKnownFileType = file; path = "MavenPro-Medium.ttf"; sourceTree = "<group>"; };
		54D3EB4A2A9AA60A002EE6D3 /* Color.swift */ = {isa = PBXFileReference; lastKnownFileType = sourcecode.swift; path = Color.swift; sourceTree = "<group>"; };
		54D3EB4C2A9AAEFF002EE6D3 /* WeatherDetailView.swift */ = {isa = PBXFileReference; lastKnownFileType = sourcecode.swift; path = WeatherDetailView.swift; sourceTree = "<group>"; };
		54D3EB4E2A9ABB60002EE6D3 /* WeatherDailyView.swift */ = {isa = PBXFileReference; lastKnownFileType = sourcecode.swift; path = WeatherDailyView.swift; sourceTree = "<group>"; };
/* End PBXFileReference section */

/* Begin PBXFrameworksBuildPhase section */
		543032402A8F325100C8AF87 /* Frameworks */ = {
			isa = PBXFrameworksBuildPhase;
			buildActionMask = 2147483647;
			files = (
			);
			runOnlyForDeploymentPostprocessing = 0;
		};
		543032502A8F325200C8AF87 /* Frameworks */ = {
			isa = PBXFrameworksBuildPhase;
			buildActionMask = 2147483647;
			files = (
			);
			runOnlyForDeploymentPostprocessing = 0;
		};
		5430325A2A8F325200C8AF87 /* Frameworks */ = {
			isa = PBXFrameworksBuildPhase;
			buildActionMask = 2147483647;
			files = (
			);
			runOnlyForDeploymentPostprocessing = 0;
		};
/* End PBXFrameworksBuildPhase section */

/* Begin PBXGroup section */
		5430323A2A8F325100C8AF87 = {
			isa = PBXGroup;
			children = (
				543032452A8F325100C8AF87 /* WeatherForecast */,
				543032562A8F325200C8AF87 /* WeatherForecastTests */,
				543032602A8F325200C8AF87 /* WeatherForecastUITests */,
				543032442A8F325100C8AF87 /* Products */,
			);
			sourceTree = "<group>";
		};
		543032442A8F325100C8AF87 /* Products */ = {
			isa = PBXGroup;
			children = (
				543032432A8F325100C8AF87 /* WeatherForecast.app */,
				543032532A8F325200C8AF87 /* WeatherForecastTests.xctest */,
				5430325D2A8F325200C8AF87 /* WeatherForecastUITests.xctest */,
			);
			name = Products;
			sourceTree = "<group>";
		};
		543032452A8F325100C8AF87 /* WeatherForecast */ = {
			isa = PBXGroup;
			children = (
				54D3EB492A9AA603002EE6D3 /* Extensions */,
				54D3EB282A9AA294002EE6D3 /* Info.plist */,
				54D3EB172A9AA1B1002EE6D3 /* Fonts */,
				54BFE1822A9487110012AE03 /* Utilities */,
				54BFE1782A9472350012AE03 /* View */,
				54BFE1752A9467CB0012AE03 /* Model */,
				543032702A8F338B00C8AF87 /* Service */,
				543032462A8F325100C8AF87 /* WeatherForecastApp.swift */,
				54BFE1732A9467250012AE03 /* cities.json */,
				5430324A2A8F325200C8AF87 /* Assets.xcassets */,
				5430324C2A8F325200C8AF87 /* Preview Content */,
			);
			path = WeatherForecast;
			sourceTree = "<group>";
		};
		5430324C2A8F325200C8AF87 /* Preview Content */ = {
			isa = PBXGroup;
			children = (
				5430324D2A8F325200C8AF87 /* Preview Assets.xcassets */,
			);
			path = "Preview Content";
			sourceTree = "<group>";
		};
		543032562A8F325200C8AF87 /* WeatherForecastTests */ = {
			isa = PBXGroup;
			children = (
				543032572A8F325200C8AF87 /* WeatherForecastTests.swift */,
			);
			path = WeatherForecastTests;
			sourceTree = "<group>";
		};
		543032602A8F325200C8AF87 /* WeatherForecastUITests */ = {
			isa = PBXGroup;
			children = (
				543032612A8F325200C8AF87 /* WeatherForecastUITests.swift */,
				543032632A8F325200C8AF87 /* WeatherForecastUITestsLaunchTests.swift */,
			);
			path = WeatherForecastUITests;
			sourceTree = "<group>";
		};
		543032702A8F338B00C8AF87 /* Service */ = {
			isa = PBXGroup;
			children = (
				543032712A8F339800C8AF87 /* ApiRequestType.swift */,
				543032732A8F347200C8AF87 /* ApiService.swift */,
				543032752A8F347A00C8AF87 /* ApiServiceProtocol.swift */,
			);
			path = Service;
			sourceTree = "<group>";
		};
		543032772A8F36E300C8AF87 /* Main */ = {
			isa = PBXGroup;
			children = (
				543032782A8F36EB00C8AF87 /* MainViewModel.swift */,
				54BFE1712A94633F0012AE03 /* MainView.swift */,
			);
			path = Main;
			sourceTree = "<group>";
		};
		54BFE1752A9467CB0012AE03 /* Model */ = {
			isa = PBXGroup;
			children = (
				54BFE1762A9467D50012AE03 /* Cities.swift */,
				54BFE17E2A9486630012AE03 /* CityWIthForecasts.swift */,
				54BFE1802A9486A80012AE03 /* Weather.swift */,
				54089F802AA26F96006C09B9 /* LocalHourlyForecast.swift */,
			);
			path = Model;
			sourceTree = "<group>";
		};
		54BFE1782A9472350012AE03 /* View */ = {
			isa = PBXGroup;
			children = (
				54BFE1792A94723F0012AE03 /* Weather */,
				543032772A8F36E300C8AF87 /* Main */,
			);
			path = View;
			sourceTree = "<group>";
		};
		54BFE1792A94723F0012AE03 /* Weather */ = {
			isa = PBXGroup;
			children = (
				54BFE17A2A9472490012AE03 /* WeatherView.swift */,
				544F5B122AA3CAB100CFB297 /* WeatherViewModel.swift */,
				54D3EB4C2A9AAEFF002EE6D3 /* WeatherDetailView.swift */,
				544F5B102AA3BEB000CFB297 /* WeatherDetailViewModel.swift */,
				54D3EB4E2A9ABB60002EE6D3 /* WeatherDailyView.swift */,
				544F5B162AA415EC00CFB297 /* WeatherDailyViewModel.swift */,
			);
			path = Weather;
			sourceTree = "<group>";
		};
		54BFE1822A9487110012AE03 /* Utilities */ = {
			isa = PBXGroup;
			children = (
				54BFE1832A9487190012AE03 /* Constants.swift */,
				5405EAC32A9857380024DB8D /* Enums.swift */,
			);
			path = Utilities;
			sourceTree = "<group>";
		};
		54D3EB172A9AA1B1002EE6D3 /* Fonts */ = {
			isa = PBXGroup;
			children = (
				54D3EB412A9AA55C002EE6D3 /* MavenPro-Bold.ttf */,
				54D3EB442A9AA55C002EE6D3 /* MavenPro-Medium.ttf */,
				54D3EB422A9AA55C002EE6D3 /* MavenPro-Regular.ttf */,
				54D3EB432A9AA55C002EE6D3 /* MavenPro-SemiBold.ttf */,
			);
			path = Fonts;
			sourceTree = "<group>";
		};
		54D3EB492A9AA603002EE6D3 /* Extensions */ = {
			isa = PBXGroup;
			children = (
				54D3EB4A2A9AA60A002EE6D3 /* Color.swift */,
				544F5B142AA3CC4000CFB297 /* Date.swift */,
			);
			path = Extensions;
			sourceTree = "<group>";
		};
/* End PBXGroup section */

/* Begin PBXNativeTarget section */
		543032422A8F325100C8AF87 /* WeatherForecast */ = {
			isa = PBXNativeTarget;
			buildConfigurationList = 543032672A8F325200C8AF87 /* Build configuration list for PBXNativeTarget "WeatherForecast" */;
			buildPhases = (
				5430323F2A8F325100C8AF87 /* Sources */,
				543032402A8F325100C8AF87 /* Frameworks */,
				543032412A8F325100C8AF87 /* Resources */,
			);
			buildRules = (
			);
			dependencies = (
			);
			name = WeatherForecast;
			productName = WeatherForecast;
			productReference = 543032432A8F325100C8AF87 /* WeatherForecast.app */;
			productType = "com.apple.product-type.application";
		};
		543032522A8F325200C8AF87 /* WeatherForecastTests */ = {
			isa = PBXNativeTarget;
			buildConfigurationList = 5430326A2A8F325200C8AF87 /* Build configuration list for PBXNativeTarget "WeatherForecastTests" */;
			buildPhases = (
				5430324F2A8F325200C8AF87 /* Sources */,
				543032502A8F325200C8AF87 /* Frameworks */,
				543032512A8F325200C8AF87 /* Resources */,
			);
			buildRules = (
			);
			dependencies = (
				543032552A8F325200C8AF87 /* PBXTargetDependency */,
			);
			name = WeatherForecastTests;
			productName = WeatherForecastTests;
			productReference = 543032532A8F325200C8AF87 /* WeatherForecastTests.xctest */;
			productType = "com.apple.product-type.bundle.unit-test";
		};
		5430325C2A8F325200C8AF87 /* WeatherForecastUITests */ = {
			isa = PBXNativeTarget;
			buildConfigurationList = 5430326D2A8F325200C8AF87 /* Build configuration list for PBXNativeTarget "WeatherForecastUITests" */;
			buildPhases = (
				543032592A8F325200C8AF87 /* Sources */,
				5430325A2A8F325200C8AF87 /* Frameworks */,
				5430325B2A8F325200C8AF87 /* Resources */,
			);
			buildRules = (
			);
			dependencies = (
				5430325F2A8F325200C8AF87 /* PBXTargetDependency */,
			);
			name = WeatherForecastUITests;
			productName = WeatherForecastUITests;
			productReference = 5430325D2A8F325200C8AF87 /* WeatherForecastUITests.xctest */;
			productType = "com.apple.product-type.bundle.ui-testing";
		};
/* End PBXNativeTarget section */

/* Begin PBXProject section */
		5430323B2A8F325100C8AF87 /* Project object */ = {
			isa = PBXProject;
			attributes = {
				BuildIndependentTargetsInParallel = 1;
				LastSwiftUpdateCheck = 1430;
				LastUpgradeCheck = 1430;
				TargetAttributes = {
					543032422A8F325100C8AF87 = {
						CreatedOnToolsVersion = 14.3;
					};
					543032522A8F325200C8AF87 = {
						CreatedOnToolsVersion = 14.3;
						TestTargetID = 543032422A8F325100C8AF87;
					};
					5430325C2A8F325200C8AF87 = {
						CreatedOnToolsVersion = 14.3;
						TestTargetID = 543032422A8F325100C8AF87;
					};
				};
			};
			buildConfigurationList = 5430323E2A8F325100C8AF87 /* Build configuration list for PBXProject "WeatherForecast" */;
			compatibilityVersion = "Xcode 14.0";
			developmentRegion = en;
			hasScannedForEncodings = 0;
			knownRegions = (
				en,
				Base,
			);
			mainGroup = 5430323A2A8F325100C8AF87;
			productRefGroup = 543032442A8F325100C8AF87 /* Products */;
			projectDirPath = "";
			projectRoot = "";
			targets = (
				543032422A8F325100C8AF87 /* WeatherForecast */,
				543032522A8F325200C8AF87 /* WeatherForecastTests */,
				5430325C2A8F325200C8AF87 /* WeatherForecastUITests */,
			);
		};
/* End PBXProject section */

/* Begin PBXResourcesBuildPhase section */
		543032412A8F325100C8AF87 /* Resources */ = {
			isa = PBXResourcesBuildPhase;
			buildActionMask = 2147483647;
			files = (
				54BFE1742A9467250012AE03 /* cities.json in Resources */,
				54D3EB482A9AA55C002EE6D3 /* MavenPro-Medium.ttf in Resources */,
				54D3EB452A9AA55C002EE6D3 /* MavenPro-Bold.ttf in Resources */,
				54D3EB462A9AA55C002EE6D3 /* MavenPro-Regular.ttf in Resources */,
				54D3EB472A9AA55C002EE6D3 /* MavenPro-SemiBold.ttf in Resources */,
				5430324E2A8F325200C8AF87 /* Preview Assets.xcassets in Resources */,
				5430324B2A8F325200C8AF87 /* Assets.xcassets in Resources */,
			);
			runOnlyForDeploymentPostprocessing = 0;
		};
		543032512A8F325200C8AF87 /* Resources */ = {
			isa = PBXResourcesBuildPhase;
			buildActionMask = 2147483647;
			files = (
			);
			runOnlyForDeploymentPostprocessing = 0;
		};
		5430325B2A8F325200C8AF87 /* Resources */ = {
			isa = PBXResourcesBuildPhase;
			buildActionMask = 2147483647;
			files = (
			);
			runOnlyForDeploymentPostprocessing = 0;
		};
/* End PBXResourcesBuildPhase section */

/* Begin PBXSourcesBuildPhase section */
		5430323F2A8F325100C8AF87 /* Sources */ = {
			isa = PBXSourcesBuildPhase;
			buildActionMask = 2147483647;
			files = (
				54BFE1722A94633F0012AE03 /* MainView.swift in Sources */,
				544F5B172AA415EC00CFB297 /* WeatherDailyViewModel.swift in Sources */,
				544F5B132AA3CAB100CFB297 /* WeatherViewModel.swift in Sources */,
				54BFE1842A9487190012AE03 /* Constants.swift in Sources */,
				5405EAC42A9857380024DB8D /* Enums.swift in Sources */,
				543032722A8F339800C8AF87 /* ApiRequestType.swift in Sources */,
				54D3EB4D2A9AAEFF002EE6D3 /* WeatherDetailView.swift in Sources */,
				543032762A8F347A00C8AF87 /* ApiServiceProtocol.swift in Sources */,
				543032742A8F347200C8AF87 /* ApiService.swift in Sources */,
				54D3EB4F2A9ABB60002EE6D3 /* WeatherDailyView.swift in Sources */,
				54BFE1812A9486A80012AE03 /* Weather.swift in Sources */,
				544F5B112AA3BEB000CFB297 /* WeatherDetailViewModel.swift in Sources */,
				54089F812AA26F96006C09B9 /* LocalHourlyForecast.swift in Sources */,
				543032472A8F325100C8AF87 /* WeatherForecastApp.swift in Sources */,
				54BFE17B2A9472490012AE03 /* WeatherView.swift in Sources */,
				543032792A8F36EB00C8AF87 /* MainViewModel.swift in Sources */,
				54D3EB4B2A9AA60A002EE6D3 /* Color.swift in Sources */,
				544F5B152AA3CC4000CFB297 /* Date.swift in Sources */,
				54BFE17F2A9486630012AE03 /* CityWIthForecasts.swift in Sources */,
				54BFE1772A9467D50012AE03 /* Cities.swift in Sources */,
			);
			runOnlyForDeploymentPostprocessing = 0;
		};
		5430324F2A8F325200C8AF87 /* Sources */ = {
			isa = PBXSourcesBuildPhase;
			buildActionMask = 2147483647;
			files = (
				543032582A8F325200C8AF87 /* WeatherForecastTests.swift in Sources */,
			);
			runOnlyForDeploymentPostprocessing = 0;
		};
		543032592A8F325200C8AF87 /* Sources */ = {
			isa = PBXSourcesBuildPhase;
			buildActionMask = 2147483647;
			files = (
				543032642A8F325200C8AF87 /* WeatherForecastUITestsLaunchTests.swift in Sources */,
				543032622A8F325200C8AF87 /* WeatherForecastUITests.swift in Sources */,
			);
			runOnlyForDeploymentPostprocessing = 0;
		};
/* End PBXSourcesBuildPhase section */

/* Begin PBXTargetDependency section */
		543032552A8F325200C8AF87 /* PBXTargetDependency */ = {
			isa = PBXTargetDependency;
			target = 543032422A8F325100C8AF87 /* WeatherForecast */;
			targetProxy = 543032542A8F325200C8AF87 /* PBXContainerItemProxy */;
		};
		5430325F2A8F325200C8AF87 /* PBXTargetDependency */ = {
			isa = PBXTargetDependency;
			target = 543032422A8F325100C8AF87 /* WeatherForecast */;
			targetProxy = 5430325E2A8F325200C8AF87 /* PBXContainerItemProxy */;
		};
/* End PBXTargetDependency section */

/* Begin XCBuildConfiguration section */
		543032652A8F325200C8AF87 /* Debug */ = {
			isa = XCBuildConfiguration;
			buildSettings = {
				ALWAYS_SEARCH_USER_PATHS = NO;
				CLANG_ANALYZER_NONNULL = YES;
				CLANG_ANALYZER_NUMBER_OBJECT_CONVERSION = YES_AGGRESSIVE;
				CLANG_CXX_LANGUAGE_STANDARD = "gnu++20";
				CLANG_ENABLE_MODULES = YES;
				CLANG_ENABLE_OBJC_ARC = YES;
				CLANG_ENABLE_OBJC_WEAK = YES;
				CLANG_WARN_BLOCK_CAPTURE_AUTORELEASING = YES;
				CLANG_WARN_BOOL_CONVERSION = YES;
				CLANG_WARN_COMMA = YES;
				CLANG_WARN_CONSTANT_CONVERSION = YES;
				CLANG_WARN_DEPRECATED_OBJC_IMPLEMENTATIONS = YES;
				CLANG_WARN_DIRECT_OBJC_ISA_USAGE = YES_ERROR;
				CLANG_WARN_DOCUMENTATION_COMMENTS = YES;
				CLANG_WARN_EMPTY_BODY = YES;
				CLANG_WARN_ENUM_CONVERSION = YES;
				CLANG_WARN_INFINITE_RECURSION = YES;
				CLANG_WARN_INT_CONVERSION = YES;
				CLANG_WARN_NON_LITERAL_NULL_CONVERSION = YES;
				CLANG_WARN_OBJC_IMPLICIT_RETAIN_SELF = YES;
				CLANG_WARN_OBJC_LITERAL_CONVERSION = YES;
				CLANG_WARN_OBJC_ROOT_CLASS = YES_ERROR;
				CLANG_WARN_QUOTED_INCLUDE_IN_FRAMEWORK_HEADER = YES;
				CLANG_WARN_RANGE_LOOP_ANALYSIS = YES;
				CLANG_WARN_STRICT_PROTOTYPES = YES;
				CLANG_WARN_SUSPICIOUS_MOVE = YES;
				CLANG_WARN_UNGUARDED_AVAILABILITY = YES_AGGRESSIVE;
				CLANG_WARN_UNREACHABLE_CODE = YES;
				CLANG_WARN__DUPLICATE_METHOD_MATCH = YES;
				COPY_PHASE_STRIP = NO;
				DEBUG_INFORMATION_FORMAT = dwarf;
				ENABLE_STRICT_OBJC_MSGSEND = YES;
				ENABLE_TESTABILITY = YES;
				GCC_C_LANGUAGE_STANDARD = gnu11;
				GCC_DYNAMIC_NO_PIC = NO;
				GCC_NO_COMMON_BLOCKS = YES;
				GCC_OPTIMIZATION_LEVEL = 0;
				GCC_PREPROCESSOR_DEFINITIONS = (
					"DEBUG=1",
					"$(inherited)",
				);
				GCC_WARN_64_TO_32_BIT_CONVERSION = YES;
				GCC_WARN_ABOUT_RETURN_TYPE = YES_ERROR;
				GCC_WARN_UNDECLARED_SELECTOR = YES;
				GCC_WARN_UNINITIALIZED_AUTOS = YES_AGGRESSIVE;
				GCC_WARN_UNUSED_FUNCTION = YES;
				GCC_WARN_UNUSED_VARIABLE = YES;
				IPHONEOS_DEPLOYMENT_TARGET = 16.4;
				MTL_ENABLE_DEBUG_INFO = INCLUDE_SOURCE;
				MTL_FAST_MATH = YES;
				ONLY_ACTIVE_ARCH = YES;
				SDKROOT = iphoneos;
				SWIFT_ACTIVE_COMPILATION_CONDITIONS = DEBUG;
				SWIFT_OPTIMIZATION_LEVEL = "-Onone";
			};
			name = Debug;
		};
		543032662A8F325200C8AF87 /* Release */ = {
			isa = XCBuildConfiguration;
			buildSettings = {
				ALWAYS_SEARCH_USER_PATHS = NO;
				CLANG_ANALYZER_NONNULL = YES;
				CLANG_ANALYZER_NUMBER_OBJECT_CONVERSION = YES_AGGRESSIVE;
				CLANG_CXX_LANGUAGE_STANDARD = "gnu++20";
				CLANG_ENABLE_MODULES = YES;
				CLANG_ENABLE_OBJC_ARC = YES;
				CLANG_ENABLE_OBJC_WEAK = YES;
				CLANG_WARN_BLOCK_CAPTURE_AUTORELEASING = YES;
				CLANG_WARN_BOOL_CONVERSION = YES;
				CLANG_WARN_COMMA = YES;
				CLANG_WARN_CONSTANT_CONVERSION = YES;
				CLANG_WARN_DEPRECATED_OBJC_IMPLEMENTATIONS = YES;
				CLANG_WARN_DIRECT_OBJC_ISA_USAGE = YES_ERROR;
				CLANG_WARN_DOCUMENTATION_COMMENTS = YES;
				CLANG_WARN_EMPTY_BODY = YES;
				CLANG_WARN_ENUM_CONVERSION = YES;
				CLANG_WARN_INFINITE_RECURSION = YES;
				CLANG_WARN_INT_CONVERSION = YES;
				CLANG_WARN_NON_LITERAL_NULL_CONVERSION = YES;
				CLANG_WARN_OBJC_IMPLICIT_RETAIN_SELF = YES;
				CLANG_WARN_OBJC_LITERAL_CONVERSION = YES;
				CLANG_WARN_OBJC_ROOT_CLASS = YES_ERROR;
				CLANG_WARN_QUOTED_INCLUDE_IN_FRAMEWORK_HEADER = YES;
				CLANG_WARN_RANGE_LOOP_ANALYSIS = YES;
				CLANG_WARN_STRICT_PROTOTYPES = YES;
				CLANG_WARN_SUSPICIOUS_MOVE = YES;
				CLANG_WARN_UNGUARDED_AVAILABILITY = YES_AGGRESSIVE;
				CLANG_WARN_UNREACHABLE_CODE = YES;
				CLANG_WARN__DUPLICATE_METHOD_MATCH = YES;
				COPY_PHASE_STRIP = NO;
				DEBUG_INFORMATION_FORMAT = "dwarf-with-dsym";
				ENABLE_NS_ASSERTIONS = NO;
				ENABLE_STRICT_OBJC_MSGSEND = YES;
				GCC_C_LANGUAGE_STANDARD = gnu11;
				GCC_NO_COMMON_BLOCKS = YES;
				GCC_WARN_64_TO_32_BIT_CONVERSION = YES;
				GCC_WARN_ABOUT_RETURN_TYPE = YES_ERROR;
				GCC_WARN_UNDECLARED_SELECTOR = YES;
				GCC_WARN_UNINITIALIZED_AUTOS = YES_AGGRESSIVE;
				GCC_WARN_UNUSED_FUNCTION = YES;
				GCC_WARN_UNUSED_VARIABLE = YES;
				IPHONEOS_DEPLOYMENT_TARGET = 16.4;
				MTL_ENABLE_DEBUG_INFO = NO;
				MTL_FAST_MATH = YES;
				SDKROOT = iphoneos;
				SWIFT_COMPILATION_MODE = wholemodule;
				SWIFT_OPTIMIZATION_LEVEL = "-O";
				VALIDATE_PRODUCT = YES;
			};
			name = Release;
		};
		543032682A8F325200C8AF87 /* Debug */ = {
			isa = XCBuildConfiguration;
			buildSettings = {
				ASSETCATALOG_COMPILER_APPICON_NAME = AppIcon;
				ASSETCATALOG_COMPILER_GLOBAL_ACCENT_COLOR_NAME = AccentColor;
				CODE_SIGN_STYLE = Automatic;
				CURRENT_PROJECT_VERSION = 1;
				DEVELOPMENT_ASSET_PATHS = "\"WeatherForecast/Preview Content\"";
				DEVELOPMENT_TEAM = R74253J4UR;
				ENABLE_PREVIEWS = YES;
				GENERATE_INFOPLIST_FILE = YES;
				INFOPLIST_FILE = WeatherForecast/Info.plist;
				INFOPLIST_KEY_UIApplicationSceneManifest_Generation = YES;
				INFOPLIST_KEY_UIApplicationSupportsIndirectInputEvents = YES;
				INFOPLIST_KEY_UILaunchScreen_Generation = YES;
				INFOPLIST_KEY_UISupportedInterfaceOrientations_iPad = "UIInterfaceOrientationPortrait UIInterfaceOrientationPortraitUpsideDown UIInterfaceOrientationLandscapeLeft UIInterfaceOrientationLandscapeRight";
				INFOPLIST_KEY_UISupportedInterfaceOrientations_iPhone = "UIInterfaceOrientationPortrait UIInterfaceOrientationLandscapeLeft UIInterfaceOrientationLandscapeRight";
				LD_RUNPATH_SEARCH_PATHS = (
					"$(inherited)",
					"@executable_path/Frameworks",
				);
				MARKETING_VERSION = 1.0;
				PRODUCT_BUNDLE_IDENTIFIER = practice.WeatherForecast;
				PRODUCT_NAME = "$(TARGET_NAME)";
				SWIFT_EMIT_LOC_STRINGS = YES;
				SWIFT_VERSION = 5.0;
				TARGETED_DEVICE_FAMILY = "1,2";
			};
			name = Debug;
		};
		543032692A8F325200C8AF87 /* Release */ = {
			isa = XCBuildConfiguration;
			buildSettings = {
				ASSETCATALOG_COMPILER_APPICON_NAME = AppIcon;
				ASSETCATALOG_COMPILER_GLOBAL_ACCENT_COLOR_NAME = AccentColor;
				CODE_SIGN_STYLE = Automatic;
				CURRENT_PROJECT_VERSION = 1;
				DEVELOPMENT_ASSET_PATHS = "\"WeatherForecast/Preview Content\"";
				DEVELOPMENT_TEAM = R74253J4UR;
				ENABLE_PREVIEWS = YES;
				GENERATE_INFOPLIST_FILE = YES;
				INFOPLIST_FILE = WeatherForecast/Info.plist;
				INFOPLIST_KEY_UIApplicationSceneManifest_Generation = YES;
				INFOPLIST_KEY_UIApplicationSupportsIndirectInputEvents = YES;
				INFOPLIST_KEY_UILaunchScreen_Generation = YES;
				INFOPLIST_KEY_UISupportedInterfaceOrientations_iPad = "UIInterfaceOrientationPortrait UIInterfaceOrientationPortraitUpsideDown UIInterfaceOrientationLandscapeLeft UIInterfaceOrientationLandscapeRight";
				INFOPLIST_KEY_UISupportedInterfaceOrientations_iPhone = "UIInterfaceOrientationPortrait UIInterfaceOrientationLandscapeLeft UIInterfaceOrientationLandscapeRight";
				LD_RUNPATH_SEARCH_PATHS = (
					"$(inherited)",
					"@executable_path/Frameworks",
				);
				MARKETING_VERSION = 1.0;
				PRODUCT_BUNDLE_IDENTIFIER = practice.WeatherForecast;
				PRODUCT_NAME = "$(TARGET_NAME)";
				SWIFT_EMIT_LOC_STRINGS = YES;
				SWIFT_VERSION = 5.0;
				TARGETED_DEVICE_FAMILY = "1,2";
			};
			name = Release;
		};
		5430326B2A8F325200C8AF87 /* Debug */ = {
			isa = XCBuildConfiguration;
			buildSettings = {
				ALWAYS_EMBED_SWIFT_STANDARD_LIBRARIES = YES;
				BUNDLE_LOADER = "$(TEST_HOST)";
				CODE_SIGN_STYLE = Automatic;
				CURRENT_PROJECT_VERSION = 1;
				DEVELOPMENT_TEAM = R74253J4UR;
				GENERATE_INFOPLIST_FILE = YES;
				IPHONEOS_DEPLOYMENT_TARGET = 16.4;
				MARKETING_VERSION = 1.0;
				PRODUCT_BUNDLE_IDENTIFIER = practice.WeatherForecastTests;
				PRODUCT_NAME = "$(TARGET_NAME)";
				SWIFT_EMIT_LOC_STRINGS = NO;
				SWIFT_VERSION = 5.0;
				TARGETED_DEVICE_FAMILY = "1,2";
				TEST_HOST = "$(BUILT_PRODUCTS_DIR)/WeatherForecast.app/$(BUNDLE_EXECUTABLE_FOLDER_PATH)/WeatherForecast";
			};
			name = Debug;
		};
		5430326C2A8F325200C8AF87 /* Release */ = {
			isa = XCBuildConfiguration;
			buildSettings = {
				ALWAYS_EMBED_SWIFT_STANDARD_LIBRARIES = YES;
				BUNDLE_LOADER = "$(TEST_HOST)";
				CODE_SIGN_STYLE = Automatic;
				CURRENT_PROJECT_VERSION = 1;
				DEVELOPMENT_TEAM = R74253J4UR;
				GENERATE_INFOPLIST_FILE = YES;
				IPHONEOS_DEPLOYMENT_TARGET = 16.4;
				MARKETING_VERSION = 1.0;
				PRODUCT_BUNDLE_IDENTIFIER = practice.WeatherForecastTests;
				PRODUCT_NAME = "$(TARGET_NAME)";
				SWIFT_EMIT_LOC_STRINGS = NO;
				SWIFT_VERSION = 5.0;
				TARGETED_DEVICE_FAMILY = "1,2";
				TEST_HOST = "$(BUILT_PRODUCTS_DIR)/WeatherForecast.app/$(BUNDLE_EXECUTABLE_FOLDER_PATH)/WeatherForecast";
			};
			name = Release;
		};
		5430326E2A8F325200C8AF87 /* Debug */ = {
			isa = XCBuildConfiguration;
			buildSettings = {
				ALWAYS_EMBED_SWIFT_STANDARD_LIBRARIES = YES;
				CODE_SIGN_STYLE = Automatic;
				CURRENT_PROJECT_VERSION = 1;
				DEVELOPMENT_TEAM = R74253J4UR;
				GENERATE_INFOPLIST_FILE = YES;
				MARKETING_VERSION = 1.0;
				PRODUCT_BUNDLE_IDENTIFIER = practice.WeatherForecastUITests;
				PRODUCT_NAME = "$(TARGET_NAME)";
				SWIFT_EMIT_LOC_STRINGS = NO;
				SWIFT_VERSION = 5.0;
				TARGETED_DEVICE_FAMILY = "1,2";
				TEST_TARGET_NAME = WeatherForecast;
			};
			name = Debug;
		};
		5430326F2A8F325200C8AF87 /* Release */ = {
			isa = XCBuildConfiguration;
			buildSettings = {
				ALWAYS_EMBED_SWIFT_STANDARD_LIBRARIES = YES;
				CODE_SIGN_STYLE = Automatic;
				CURRENT_PROJECT_VERSION = 1;
				DEVELOPMENT_TEAM = R74253J4UR;
				GENERATE_INFOPLIST_FILE = YES;
				MARKETING_VERSION = 1.0;
				PRODUCT_BUNDLE_IDENTIFIER = practice.WeatherForecastUITests;
				PRODUCT_NAME = "$(TARGET_NAME)";
				SWIFT_EMIT_LOC_STRINGS = NO;
				SWIFT_VERSION = 5.0;
				TARGETED_DEVICE_FAMILY = "1,2";
				TEST_TARGET_NAME = WeatherForecast;
			};
			name = Release;
		};
/* End XCBuildConfiguration section */

/* Begin XCConfigurationList section */
		5430323E2A8F325100C8AF87 /* Build configuration list for PBXProject "WeatherForecast" */ = {
			isa = XCConfigurationList;
			buildConfigurations = (
				543032652A8F325200C8AF87 /* Debug */,
				543032662A8F325200C8AF87 /* Release */,
			);
			defaultConfigurationIsVisible = 0;
			defaultConfigurationName = Release;
		};
		543032672A8F325200C8AF87 /* Build configuration list for PBXNativeTarget "WeatherForecast" */ = {
			isa = XCConfigurationList;
			buildConfigurations = (
				543032682A8F325200C8AF87 /* Debug */,
				543032692A8F325200C8AF87 /* Release */,
			);
			defaultConfigurationIsVisible = 0;
			defaultConfigurationName = Release;
		};
		5430326A2A8F325200C8AF87 /* Build configuration list for PBXNativeTarget "WeatherForecastTests" */ = {
			isa = XCConfigurationList;
			buildConfigurations = (
				5430326B2A8F325200C8AF87 /* Debug */,
				5430326C2A8F325200C8AF87 /* Release */,
			);
			defaultConfigurationIsVisible = 0;
			defaultConfigurationName = Release;
		};
		5430326D2A8F325200C8AF87 /* Build configuration list for PBXNativeTarget "WeatherForecastUITests" */ = {
			isa = XCConfigurationList;
			buildConfigurations = (
				5430326E2A8F325200C8AF87 /* Debug */,
				5430326F2A8F325200C8AF87 /* Release */,
			);
			defaultConfigurationIsVisible = 0;
			defaultConfigurationName = Release;
		};
/* End XCConfigurationList section */
	};
	rootObject = 5430323B2A8F325100C8AF87 /* Project object */;
}
